
Microsoft Visual Studio Solution File, Format Version 12.00
# Visual Studio Version 17
VisualStudioVersion = 17.4.33213.308
MinimumVisualStudioVersion = 10.0.40219.1
Project("{FAE04EC0-301F-11D3-BF4B-00C04F79EFBC}") = "21daysApp", "21daysApp\21daysApp.csproj", "{895DBD4A-255B-424F-AB1E-6E7A44DF35CF}"
EndProject
Global
	GlobalSection(SolutionConfigurationPlatforms) = preSolution
		Debug|Any CPU = Debug|Any CPU
		Release|Any CPU = Release|Any CPU
	EndGlobalSection
	GlobalSection(ProjectConfigurationPlatforms) = postSolution
		{895DBD4A-255B-424F-AB1E-6E7A44DF35CF}.Debug|Any CPU.ActiveCfg = Debug|Any CPU
		{895DBD4A-255B-424F-AB1E-6E7A44DF35CF}.Debug|Any CPU.Build.0 = Debug|Any CPU
		{895DBD4A-255B-424F-AB1E-6E7A44DF35CF}.Release|Any CPU.ActiveCfg = Release|Any CPU
		{895DBD4A-255B-424F-AB1E-6E7A44DF35CF}.Release|Any CPU.Build.0 = Release|Any CPU
	EndGlobalSection
	GlobalSection(SolutionProperties) = preSolution
		HideSolutionNode = FALSE
	EndGlobalSection
	GlobalSection(ExtensibilityGlobals) = postSolution
		SolutionGuid = {627DDD2E-BECB-4E34-B352-FE9FD9727980}
	EndGlobalSection
EndGlobal
